
Microsoft Visual Studio Solution File, Format Version 12.00
# Visual Studio Version 17
VisualStudioVersion = 17.0.31903.59
MinimumVisualStudioVersion = 10.0.40219.1
Project("{FAE04EC0-301F-11D3-BF4B-00C04F79EFBC}") = "Task2", "Task2\Task2.csproj", "{BC1AF300-28BE-4309-99EF-9C4AC7E47B93}"
EndProject
Project("{FAE04EC0-301F-11D3-BF4B-00C04F79EFBC}") = "Task3", "Task3\Task3.csproj", "{81A7342C-A481-402C-BD11-B76C42AB3B0A}"
EndProject
Project("{FAE04EC0-301F-11D3-BF4B-00C04F79EFBC}") = "Task4", "Task4\Task4.csproj", "{EFB940D6-726F-4816-B9F3-E6B4FACE0541}"
EndProject
Global
	GlobalSection(SolutionConfigurationPlatforms) = preSolution
		Debug|Any CPU = Debug|Any CPU
		Debug|x64 = Debug|x64
		Debug|x86 = Debug|x86
		Release|Any CPU = Release|Any CPU
		Release|x64 = Release|x64
		Release|x86 = Release|x86
	EndGlobalSection
	GlobalSection(ProjectConfigurationPlatforms) = postSolution
		{BC1AF300-28BE-4309-99EF-9C4AC7E47B93}.Debug|Any CPU.ActiveCfg = Debug|Any CPU
		{BC1AF300-28BE-4309-99EF-9C4AC7E47B93}.Debug|Any CPU.Build.0 = Debug|Any CPU
		{BC1AF300-28BE-4309-99EF-9C4AC7E47B93}.Debug|x64.ActiveCfg = Debug|Any CPU
		{BC1AF300-28BE-4309-99EF-9C4AC7E47B93}.Debug|x64.Build.0 = Debug|Any CPU
		{BC1AF300-28BE-4309-99EF-9C4AC7E47B93}.Debug|x86.ActiveCfg = Debug|Any CPU
		{BC1AF300-28BE-4309-99EF-9C4AC7E47B93}.Debug|x86.Build.0 = Debug|Any CPU
		{BC1AF300-28BE-4309-99EF-9C4AC7E47B93}.Release|Any CPU.ActiveCfg = Release|Any CPU
		{BC1AF300-28BE-4309-99EF-9C4AC7E47B93}.Release|Any CPU.Build.0 = Release|Any CPU
		{BC1AF300-28BE-4309-99EF-9C4AC7E47B93}.Release|x64.ActiveCfg = Release|Any CPU
		{BC1AF300-28BE-4309-99EF-9C4AC7E47B93}.Release|x64.Build.0 = Release|Any CPU
		{BC1AF300-28BE-4309-99EF-9C4AC7E47B93}.Release|x86.ActiveCfg = Release|Any CPU
		{BC1AF300-28BE-4309-99EF-9C4AC7E47B93}.Release|x86.Build.0 = Release|Any CPU
		{81A7342C-A481-402C-BD11-B76C42AB3B0A}.Debug|Any CPU.ActiveCfg = Debug|Any CPU
		{81A7342C-A481-402C-BD11-B76C42AB3B0A}.Debug|Any CPU.Build.0 = Debug|Any CPU
		{81A7342C-A481-402C-BD11-B76C42AB3B0A}.Debug|x64.ActiveCfg = Debug|Any CPU
		{81A7342C-A481-402C-BD11-B76C42AB3B0A}.Debug|x64.Build.0 = Debug|Any CPU
		{81A7342C-A481-402C-BD11-B76C42AB3B0A}.Debug|x86.ActiveCfg = Debug|Any CPU
		{81A7342C-A481-402C-BD11-B76C42AB3B0A}.Debug|x86.Build.0 = Debug|Any CPU
		{81A7342C-A481-402C-BD11-B76C42AB3B0A}.Release|Any CPU.ActiveCfg = Release|Any CPU
		{81A7342C-A481-402C-BD11-B76C42AB3B0A}.Release|Any CPU.Build.0 = Release|Any CPU
		{81A7342C-A481-402C-BD11-B76C42AB3B0A}.Release|x64.ActiveCfg = Release|Any CPU
		{81A7342C-A481-402C-BD11-B76C42AB3B0A}.Release|x64.Build.0 = Release|Any CPU
		{81A7342C-A481-402C-BD11-B76C42AB3B0A}.Release|x86.ActiveCfg = Release|Any CPU
		{81A7342C-A481-402C-BD11-B76C42AB3B0A}.Release|x86.Build.0 = Release|Any CPU
		{EFB940D6-726F-4816-B9F3-E6B4FACE0541}.Debug|Any CPU.ActiveCfg = Debug|Any CPU
		{EFB940D6-726F-4816-B9F3-E6B4FACE0541}.Debug|Any CPU.Build.0 = Debug|Any CPU
		{EFB940D6-726F-4816-B9F3-E6B4FACE0541}.Debug|x64.ActiveCfg = Debug|Any CPU
		{EFB940D6-726F-4816-B9F3-E6B4FACE0541}.Debug|x64.Build.0 = Debug|Any CPU
		{EFB940D6-726F-4816-B9F3-E6B4FACE0541}.Debug|x86.ActiveCfg = Debug|Any CPU
		{EFB940D6-726F-4816-B9F3-E6B4FACE0541}.Debug|x86.Build.0 = Debug|Any CPU
		{EFB940D6-726F-4816-B9F3-E6B4FACE0541}.Release|Any CPU.ActiveCfg = Release|Any CPU
		{EFB940D6-726F-4816-B9F3-E6B4FACE0541}.Release|Any CPU.Build.0 = Release|Any CPU
		{EFB940D6-726F-4816-B9F3-E6B4FACE0541}.Release|x64.ActiveCfg = Release|Any CPU
		{EFB940D6-726F-4816-B9F3-E6B4FACE0541}.Release|x64.Build.0 = Release|Any CPU
		{EFB940D6-726F-4816-B9F3-E6B4FACE0541}.Release|x86.ActiveCfg = Release|Any CPU
		{EFB940D6-726F-4816-B9F3-E6B4FACE0541}.Release|x86.Build.0 = Release|Any CPU
	EndGlobalSection
	GlobalSection(SolutionProperties) = preSolution
		HideSolutionNode = FALSE
	EndGlobalSection
EndGlobal
